
Microsoft Visual Studio Solution File, Format Version 12.00
# Visual Studio 15
VisualStudioVersion = 15.0.27703.2018
MinimumVisualStudioVersion = 10.0.40219.1
Project("{FAE04EC0-301F-11D3-BF4B-00C04F79EFBC}") = "Result", "Result\Result.csproj", "{ED2F7496-45D3-4CA9-B6C3-C18C85E53598}"
EndProject
Project("{2150E333-8FDC-42A3-9474-1A3956D46DE8}") = "Solution Items", "Solution Items", "{61C7D5A2-CF07-4FF1-96CF-6D501D86F5B9}"
	ProjectSection(SolutionItems) = preProject
		README.md = README.md
	EndProjectSection
EndProject
Global
	GlobalSection(SolutionConfigurationPlatforms) = preSolution
		Debug|Any CPU = Debug|Any CPU
		Release|Any CPU = Release|Any CPU
	EndGlobalSection
	GlobalSection(ProjectConfigurationPlatforms) = postSolution
		{ED2F7496-45D3-4CA9-B6C3-C18C85E53598}.Debug|Any CPU.ActiveCfg = Debug|Any CPU
		{ED2F7496-45D3-4CA9-B6C3-C18C85E53598}.Debug|Any CPU.Build.0 = Debug|Any CPU
		{ED2F7496-45D3-4CA9-B6C3-C18C85E53598}.Release|Any CPU.ActiveCfg = Release|Any CPU
		{ED2F7496-45D3-4CA9-B6C3-C18C85E53598}.Release|Any CPU.Build.0 = Release|Any CPU
	EndGlobalSection
	GlobalSection(SolutionProperties) = preSolution
		HideSolutionNode = FALSE
	EndGlobalSection
	GlobalSection(ExtensibilityGlobals) = postSolution
		SolutionGuid = {3E80715F-597B-4282-A381-D65C261068B7}
	EndGlobalSection
EndGlobal
